
Microsoft Visual Studio Solution File, Format Version 12.00
# Visual Studio Version 16
VisualStudioVersion = 16.0.29911.84
MinimumVisualStudioVersion = 10.0.40219.1
Project("{FAE04EC0-301F-11D3-BF4B-00C04F79EFBC}") = "simple-web-crud", "simple-web-crud\simple-web-crud.csproj", "{A14AE39C-FE0A-4322-9EB6-2C019C15DD2A}"
EndProject
Global
	GlobalSection(SolutionConfigurationPlatforms) = preSolution
		Debug|Any CPU = Debug|Any CPU
		Release|Any CPU = Release|Any CPU
	EndGlobalSection
	GlobalSection(ProjectConfigurationPlatforms) = postSolution
		{A14AE39C-FE0A-4322-9EB6-2C019C15DD2A}.Debug|Any CPU.ActiveCfg = Debug|Any CPU
		{A14AE39C-FE0A-4322-9EB6-2C019C15DD2A}.Debug|Any CPU.Build.0 = Debug|Any CPU
		{A14AE39C-FE0A-4322-9EB6-2C019C15DD2A}.Release|Any CPU.ActiveCfg = Release|Any CPU
		{A14AE39C-FE0A-4322-9EB6-2C019C15DD2A}.Release|Any CPU.Build.0 = Release|Any CPU
	EndGlobalSection
	GlobalSection(SolutionProperties) = preSolution
		HideSolutionNode = FALSE
	EndGlobalSection
	GlobalSection(ExtensibilityGlobals) = postSolution
		SolutionGuid = {FF721806-3554-4F87-9DB7-6CAA0D5B11DB}
	EndGlobalSection
EndGlobal
